Microsoft Visual Studio Solution File, Format Version 11.00
# Visual Studio 2010
Project("{FAE04EC0-301F-11D3-BF4B-00C04F79EFBC}") = "TestValidation.Module", "TestValidation.Module\TestValidation.Module.csproj", "{4878ECCC-659A-4048-A01E-D69661824ACA}"
EndProject
Project("{FAE04EC0-301F-11D3-BF4B-00C04F79EFBC}") = "TestValidation.Web", "TestValidation.Web\TestValidation.Web.csproj", "{B82CE70A-0E44-41AD-A535-6D5A132FA6A9}"
EndProject
Project("{FAE04EC0-301F-11D3-BF4B-00C04F79EFBC}") = "TestValidation.Win", "TestValidation.Win\TestValidation.Win.csproj", "{48DC7F8B-AF61-4F8C-A616-E72E6041F37C}"
EndProject
Project("{FAE04EC0-301F-11D3-BF4B-00C04F79EFBC}") = "TestValidation.Win.NoWindowsFormsValidationModule", "TestValidation.Win.NoWindowsFormsValidationModule\TestValidation.Win.NoWindowsFormsValidationModule.csproj", "{76E62E7C-E6DB-4AA1-9FEC-D8F3634FD3D3}"
EndProject
Project("{FAE04EC0-301F-11D3-BF4B-00C04F79EFBC}") = "TestValidation.UnitTests", "TestValidation.UnitTests\TestValidation.UnitTests.csproj", "{928A238A-1C5A-4A52-9ADF-FBFC502F6EA7}"
EndProject
Global
	GlobalSection(SolutionConfigurationPlatforms) = preSolution
		Debug|Any CPU = Debug|Any CPU
		EasyTest|Any CPU = EasyTest|Any CPU
		Release|Any CPU = Release|Any CPU
	EndGlobalSection
	GlobalSection(ProjectConfigurationPlatforms) = postSolution
		{4878ECCC-659A-4048-A01E-D69661824ACA}.Debug|Any CPU.ActiveCfg = Debug|Any CPU
		{4878ECCC-659A-4048-A01E-D69661824ACA}.Debug|Any CPU.Build.0 = Debug|Any CPU
		{4878ECCC-659A-4048-A01E-D69661824ACA}.EasyTest|Any CPU.ActiveCfg = EasyTest|Any CPU
		{4878ECCC-659A-4048-A01E-D69661824ACA}.EasyTest|Any CPU.Build.0 = EasyTest|Any CPU
		{4878ECCC-659A-4048-A01E-D69661824ACA}.Release|Any CPU.ActiveCfg = Release|Any CPU
		{4878ECCC-659A-4048-A01E-D69661824ACA}.Release|Any CPU.Build.0 = Release|Any CPU
		{B82CE70A-0E44-41AD-A535-6D5A132FA6A9}.Debug|Any CPU.ActiveCfg = Debug|Any CPU
		{B82CE70A-0E44-41AD-A535-6D5A132FA6A9}.Debug|Any CPU.Build.0 = Debug|Any CPU
		{B82CE70A-0E44-41AD-A535-6D5A132FA6A9}.EasyTest|Any CPU.ActiveCfg = EasyTest|Any CPU
		{B82CE70A-0E44-41AD-A535-6D5A132FA6A9}.EasyTest|Any CPU.Build.0 = EasyTest|Any CPU
		{B82CE70A-0E44-41AD-A535-6D5A132FA6A9}.Release|Any CPU.ActiveCfg = Release|Any CPU
		{B82CE70A-0E44-41AD-A535-6D5A132FA6A9}.Release|Any CPU.Build.0 = Release|Any CPU
		{48DC7F8B-AF61-4F8C-A616-E72E6041F37C}.Debug|Any CPU.ActiveCfg = Debug|Any CPU
		{48DC7F8B-AF61-4F8C-A616-E72E6041F37C}.Debug|Any CPU.Build.0 = Debug|Any CPU
		{48DC7F8B-AF61-4F8C-A616-E72E6041F37C}.EasyTest|Any CPU.ActiveCfg = EasyTest|Any CPU
		{48DC7F8B-AF61-4F8C-A616-E72E6041F37C}.EasyTest|Any CPU.Build.0 = EasyTest|Any CPU
		{48DC7F8B-AF61-4F8C-A616-E72E6041F37C}.Release|Any CPU.ActiveCfg = Release|Any CPU
		{48DC7F8B-AF61-4F8C-A616-E72E6041F37C}.Release|Any CPU.Build.0 = Release|Any CPU
		{76E62E7C-E6DB-4AA1-9FEC-D8F3634FD3D3}.Debug|Any CPU.ActiveCfg = Debug|Any CPU
		{76E62E7C-E6DB-4AA1-9FEC-D8F3634FD3D3}.Debug|Any CPU.Build.0 = Debug|Any CPU
		{76E62E7C-E6DB-4AA1-9FEC-D8F3634FD3D3}.EasyTest|Any CPU.ActiveCfg = EasyTest|Any CPU
		{76E62E7C-E6DB-4AA1-9FEC-D8F3634FD3D3}.EasyTest|Any CPU.Build.0 = EasyTest|Any CPU
		{76E62E7C-E6DB-4AA1-9FEC-D8F3634FD3D3}.Release|Any CPU.ActiveCfg = Release|Any CPU
		{76E62E7C-E6DB-4AA1-9FEC-D8F3634FD3D3}.Release|Any CPU.Build.0 = Release|Any CPU
		{928A238A-1C5A-4A52-9ADF-FBFC502F6EA7}.Debug|Any CPU.ActiveCfg = Debug|Any CPU
		{928A238A-1C5A-4A52-9ADF-FBFC502F6EA7}.Debug|Any CPU.Build.0 = Debug|Any CPU
		{928A238A-1C5A-4A52-9ADF-FBFC502F6EA7}.EasyTest|Any CPU.ActiveCfg = Release|Any CPU
		{928A238A-1C5A-4A52-9ADF-FBFC502F6EA7}.EasyTest|Any CPU.Build.0 = Release|Any CPU
		{928A238A-1C5A-4A52-9ADF-FBFC502F6EA7}.Release|Any CPU.ActiveCfg = Release|Any CPU
		{928A238A-1C5A-4A52-9ADF-FBFC502F6EA7}.Release|Any CPU.Build.0 = Release|Any CPU
	EndGlobalSection
	GlobalSection(SolutionProperties) = preSolution
		HideSolutionNode = FALSE
	EndGlobalSection
EndGlobal
